
Microsoft Visual Studio Solution File, Format Version 12.00
# Visual Studio Version 17
VisualStudioVersion = 17.5.002.0
MinimumVisualStudioVersion = 10.0.40219.1
Project("{9A19103F-16F7-4668-BE54-9A1E7A4F7556}") = "GU2311R1", "GU2311R1.csproj", "{F7F39E1D-5B0C-4542-98AC-0246CADBCF9D}"
EndProject
Global
	GlobalSection(SolutionConfigurationPlatforms) = preSolution
		Debug|Any CPU = Debug|Any CPU
		Release|Any CPU = Release|Any CPU
	EndGlobalSection
	GlobalSection(ProjectConfigurationPlatforms) = postSolution
		{F7F39E1D-5B0C-4542-98AC-0246CADBCF9D}.Debug|Any CPU.ActiveCfg = Debug|Any CPU
		{F7F39E1D-5B0C-4542-98AC-0246CADBCF9D}.Debug|Any CPU.Build.0 = Debug|Any CPU
		{F7F39E1D-5B0C-4542-98AC-0246CADBCF9D}.Release|Any CPU.ActiveCfg = Release|Any CPU
		{F7F39E1D-5B0C-4542-98AC-0246CADBCF9D}.Release|Any CPU.Build.0 = Release|Any CPU
	EndGlobalSection
	GlobalSection(SolutionProperties) = preSolution
		HideSolutionNode = FALSE
	EndGlobalSection
	GlobalSection(ExtensibilityGlobals) = postSolution
		SolutionGuid = {12E17EEC-F33C-46E2-B5C4-0152EEFAFB73}
	EndGlobalSection
EndGlobal
